
Microsoft Visual Studio Solution File, Format Version 12.00
# Visual Studio 15
VisualStudioVersion = 15.0.26730.16
MinimumVisualStudioVersion = 10.0.40219.1
Project("{CC5FD16D-436D-48AD-A40C-5A424C6E3E79}") = "WCF_Test", "WCF_Test\WCF_Test.ccproj", "{8CAD60DA-5A41-4673-8ABB-548403A7D7E7}"
EndProject
Project("{FAE04EC0-301F-11D3-BF4B-00C04F79EFBC}") = "WCFService_Test", "WCFService_Test\WCFService_Test.csproj", "{6B49768A-EF85-4B05-96BF-71D52BC549F1}"
EndProject
Project("{CC5FD16D-436D-48AD-A40C-5A424C6E3E79}") = "AzureCloud_WCFClient", "AzureCloud_WCFClient\AzureCloud_WCFClient.ccproj", "{39A899AD-4613-4063-9CB2-1C519E4DFCFF}"
EndProject
Project("{FAE04EC0-301F-11D3-BF4B-00C04F79EFBC}") = "WebRole_WCFClient", "WebRole_WCFClient\WebRole_WCFClient.csproj", "{D73E7CFE-73B2-46EC-A0C4-861BF34B5BF1}"
EndProject
Global
	GlobalSection(SolutionConfigurationPlatforms) = preSolution
		Debug|Any CPU = Debug|Any CPU
		Release|Any CPU = Release|Any CPU
	EndGlobalSection
	GlobalSection(ProjectConfigurationPlatforms) = postSolution
		{8CAD60DA-5A41-4673-8ABB-548403A7D7E7}.Debug|Any CPU.ActiveCfg = Debug|Any CPU
		{8CAD60DA-5A41-4673-8ABB-548403A7D7E7}.Debug|Any CPU.Build.0 = Debug|Any CPU
		{8CAD60DA-5A41-4673-8ABB-548403A7D7E7}.Release|Any CPU.ActiveCfg = Release|Any CPU
		{8CAD60DA-5A41-4673-8ABB-548403A7D7E7}.Release|Any CPU.Build.0 = Release|Any CPU
		{6B49768A-EF85-4B05-96BF-71D52BC549F1}.Debug|Any CPU.ActiveCfg = Debug|Any CPU
		{6B49768A-EF85-4B05-96BF-71D52BC549F1}.Debug|Any CPU.Build.0 = Debug|Any CPU
		{6B49768A-EF85-4B05-96BF-71D52BC549F1}.Release|Any CPU.ActiveCfg = Release|Any CPU
		{6B49768A-EF85-4B05-96BF-71D52BC549F1}.Release|Any CPU.Build.0 = Release|Any CPU
		{39A899AD-4613-4063-9CB2-1C519E4DFCFF}.Debug|Any CPU.ActiveCfg = Debug|Any CPU
		{39A899AD-4613-4063-9CB2-1C519E4DFCFF}.Debug|Any CPU.Build.0 = Debug|Any CPU
		{39A899AD-4613-4063-9CB2-1C519E4DFCFF}.Release|Any CPU.ActiveCfg = Release|Any CPU
		{39A899AD-4613-4063-9CB2-1C519E4DFCFF}.Release|Any CPU.Build.0 = Release|Any CPU
		{D73E7CFE-73B2-46EC-A0C4-861BF34B5BF1}.Debug|Any CPU.ActiveCfg = Debug|Any CPU
		{D73E7CFE-73B2-46EC-A0C4-861BF34B5BF1}.Debug|Any CPU.Build.0 = Debug|Any CPU
		{D73E7CFE-73B2-46EC-A0C4-861BF34B5BF1}.Release|Any CPU.ActiveCfg = Release|Any CPU
		{D73E7CFE-73B2-46EC-A0C4-861BF34B5BF1}.Release|Any CPU.Build.0 = Release|Any CPU
	EndGlobalSection
	GlobalSection(SolutionProperties) = preSolution
		HideSolutionNode = FALSE
	EndGlobalSection
	GlobalSection(ExtensibilityGlobals) = postSolution
		SolutionGuid = {A77D28CD-FFD9-46FA-A84F-A669FE8AD003}
	EndGlobalSection
EndGlobal
